{
  "name": "lyrics-runner",
  "version": "1.0.0",
  "lockfileVersion": 2,
  "requires": true,
  "packages": {
    "": {
      "name": "lyrics-runner",
      "version": "1.0.0",
      "license": "ISC",
      "dependencies": {
        "config": "^3.3.7",
        "database": "file:../lib/database",
        "genius": "file:../lib/genius",
        "logger": "file:../lib/logger",
        "queue": "file:../lib/queue"
      }
    },
    "../../lib/database": {
      "name": "prisma",
      "version": "1.0.0",
      "extraneous": true,
      "license": "ISC",
      "dependencies": {
        "@prisma/client": "^3.8.1"
      },
      "devDependencies": {
        "prisma": "^3.8.1"
      }
    },
    "../../lib/genius": {
      "name": "lyrics-runner",
      "version": "1.0.0",
      "extraneous": true,
      "license": "ISC",
      "dependencies": {
        "axios": "^0.21.4",
        "genius-lyrics-api": "^3.2.0",
        "logger": "file:../logger"
      }
    },
    "../../lib/logger": {
      "version": "1.0.0",
      "extraneous": true,
      "license": "ISC",
      "dependencies": {
        "winston": "^3.5.0"
      }
    },
    "../../lib/queue": {
      "version": "1.0.0",
      "extraneous": true,
      "license": "ISC",
      "dependencies": {
        "amqplib": "^0.8.0"
      }
    },
    "../lib/database": {
      "name": "prisma",
      "version": "1.0.0",
      "license": "ISC",
      "dependencies": {
        "@google-cloud/firestore": "^5.0.2",
        "config": "^3.3.7",
        "firebase-admin": "^10.0.2"
      },
      "devDependencies": {}
    },
    "../lib/genius": {
      "name": "lyrics-runner",
      "version": "1.0.0",
      "license": "ISC",
      "dependencies": {
        "axios": "^0.21.4",
        "genius-lyrics-api": "^3.2.0",
        "logger": "file:../logger"
      }
    },
    "../lib/logger": {
      "version": "1.0.0",
      "license": "ISC",
      "dependencies": {
        "winston": "^3.5.0"
      }
    },
    "../lib/queue": {
      "version": "1.0.0",
      "license": "ISC",
      "dependencies": {
        "amqplib": "^0.8.0"
      }
    },
    "node_modules/config": {
      "version": "3.3.7",
      "resolved": "https://registry.npmjs.org/config/-/config-3.3.7.tgz",
      "integrity": "sha512-mX/n7GKDYZMqvvkY6e6oBY49W8wxdmQt+ho/5lhwFDXqQW9gI+Ahp8EKp8VAbISPnmf2+Bv5uZK7lKXZ6pf1aA==",
      "dependencies": {
        "json5": "^2.1.1"
      },
      "engines": {
        "node": ">= 10.0.0"
      }
    },
    "node_modules/database": {
      "resolved": "../lib/database",
      "link": true
    },
    "node_modules/genius": {
      "resolved": "../lib/genius",
      "link": true
    },
    "node_modules/json5": {
      "version": "2.2.0",
      "resolved": "https://registry.npmjs.org/json5/-/json5-2.2.0.tgz",
      "integrity": "sha512-f+8cldu7X/y7RAJurMEJmdoKXGB/X550w2Nr3tTbezL6RwEE/iMcm+tZnXeoZtKuOq6ft8+CqzEkrIgx1fPoQA==",
      "dependencies": {
        "minimist": "^1.2.5"
      },
      "bin": {
        "json5": "lib/cli.js"
      },
      "engines": {
        "node": ">=6"
      }
    },
    "node_modules/logger": {
      "resolved": "../lib/logger",
      "link": true
    },
    "node_modules/minimist": {
      "version": "1.2.5",
      "resolved": "https://registry.npmjs.org/minimist/-/minimist-1.2.5.tgz",
      "integrity": "sha512-FM9nNUYrRBAELZQT3xeZQ7fmMOBg6nWNmJKTcgsJeaLstP/UODVpGsr5OhXhhXg6f+qtJ8uiZ+PUxkDWcgIXLw=="
    },
    "node_modules/queue": {
      "resolved": "../lib/queue",
      "link": true
    }
  },
  "dependencies": {
    "config": {
      "version": "3.3.7",
      "resolved": "https://registry.npmjs.org/config/-/config-3.3.7.tgz",
      "integrity": "sha512-mX/n7GKDYZMqvvkY6e6oBY49W8wxdmQt+ho/5lhwFDXqQW9gI+Ahp8EKp8VAbISPnmf2+Bv5uZK7lKXZ6pf1aA==",
      "requires": {
        "json5": "^2.1.1"
      }
    },
    "database": {
      "version": "file:../lib/database",
      "requires": {
        "@google-cloud/firestore": "^5.0.2",
        "config": "^3.3.7",
        "firebase-admin": "^10.0.2"
      }
    },
    "genius": {
      "version": "file:../lib/genius",
      "requires": {
        "axios": "^0.21.4",
        "genius-lyrics-api": "^3.2.0",
        "logger": "file:../logger"
      }
    },
    "json5": {
      "version": "2.2.0",
      "resolved": "https://registry.npmjs.org/json5/-/json5-2.2.0.tgz",
      "integrity": "sha512-f+8cldu7X/y7RAJurMEJmdoKXGB/X550w2Nr3tTbezL6RwEE/iMcm+tZnXeoZtKuOq6ft8+CqzEkrIgx1fPoQA==",
      "requires": {
        "minimist": "^1.2.5"
      }
    },
    "logger": {
      "version": "file:../lib/logger",
      "requires": {
        "winston": "^3.5.0"
      }
    },
    "minimist": {
      "version": "1.2.5",
      "resolved": "https://registry.npmjs.org/minimist/-/minimist-1.2.5.tgz",
      "integrity": "sha512-FM9nNUYrRBAELZQT3xeZQ7fmMOBg6nWNmJKTcgsJeaLstP/UODVpGsr5OhXhhXg6f+qtJ8uiZ+PUxkDWcgIXLw=="
    },
    "queue": {
      "version": "file:../lib/queue",
      "requires": {
        "amqplib": "^0.8.0"
      }
    }
  }
}
